// !$*UTF8*$!
{
	archiveVersion = 1;
	classes = {
	};
	objectVersion = 50;
	objects = {

/* Begin PBXBuildFile section */
		271A8C1FDC01D84560074987 /* Pods_TeamBoostFire.framework in Frameworks */ = {isa = PBXBuildFile; fileRef = F6636C804E2430BA83BAA878 /* Pods_TeamBoostFire.framework */; };
		DEB828E39FAC5A26AAAB134D /* Pods_TeamBoostFireTests.framework in Frameworks */ = {isa = PBXBuildFile; fileRef = 60FF2B45E7013C2921BC785A /* Pods_TeamBoostFireTests.framework */; };
		EB1D48AC22672650001A754D /* HostSetupMeetingViewController.swift in Sources */ = {isa = PBXBuildFile; fileRef = EB1D48AB22672650001A754D /* HostSetupMeetingViewController.swift */; };
		EB1D48AE22672817001A754D /* ParticipantJoinMeetingViewController.swift in Sources */ = {isa = PBXBuildFile; fileRef = EB1D48AD22672817001A754D /* ParticipantJoinMeetingViewController.swift */; };
		EB1D48B0226729FD001A754D /* CoreServices.swift in Sources */ = {isa = PBXBuildFile; fileRef = EB1D48AF226729FD001A754D /* CoreServices.swift */; };
		EB1D48B222672E45001A754D /* MeetingParams.swift in Sources */ = {isa = PBXBuildFile; fileRef = EB1D48B122672E45001A754D /* MeetingParams.swift */; };
		EB1D48B422672E82001A754D /* HostSetupMeetingUseCase.swift in Sources */ = {isa = PBXBuildFile; fileRef = EB1D48B322672E82001A754D /* HostSetupMeetingUseCase.swift */; };
		EB1D48B72267395E001A754D /* HostWaitingViewController.swift in Sources */ = {isa = PBXBuildFile; fileRef = EB1D48B52267395E001A754D /* HostWaitingViewController.swift */; };
		EB1D48B82267395E001A754D /* HostWaitingViewController.xib in Resources */ = {isa = PBXBuildFile; fileRef = EB1D48B62267395E001A754D /* HostWaitingViewController.xib */; };
		EB1D48BC226740BA001A754D /* HostWaitingTableViewCell.swift in Sources */ = {isa = PBXBuildFile; fileRef = EB1D48BA226740BA001A754D /* HostWaitingTableViewCell.swift */; };
		EB1D48BD226740BA001A754D /* HostWaitingTableViewCell.xib in Resources */ = {isa = PBXBuildFile; fileRef = EB1D48BB226740BA001A754D /* HostWaitingTableViewCell.xib */; };
		EB1D48C022675248001A754D /* HostWaitingTableViewController.swift in Sources */ = {isa = PBXBuildFile; fileRef = EB1D48BE22675248001A754D /* HostWaitingTableViewController.swift */; };
		EB1D48C122675248001A754D /* HostWaitingTableViewController.xib in Resources */ = {isa = PBXBuildFile; fileRef = EB1D48BF22675248001A754D /* HostWaitingTableViewController.xib */; };
		EB1D48C322675827001A754D /* Participant.swift in Sources */ = {isa = PBXBuildFile; fileRef = EB1D48C222675827001A754D /* Participant.swift */; };
		EB1D48C5226762A5001A754D /* TeamBoostNotifications.swift in Sources */ = {isa = PBXBuildFile; fileRef = EB1D48C4226762A5001A754D /* TeamBoostNotifications.swift */; };
		EB1D48C72267C93C001A754D /* ParticipantJoinMeetingUseCase.swift in Sources */ = {isa = PBXBuildFile; fileRef = EB1D48C62267C93C001A754D /* ParticipantJoinMeetingUseCase.swift */; };
		EB1D48CA2267CB07001A754D /* HostMeetingViewController.swift in Sources */ = {isa = PBXBuildFile; fileRef = EB1D48C82267CB07001A754D /* HostMeetingViewController.swift */; };
		EB1D48CB2267CB07001A754D /* HostMeetingViewController.xib in Resources */ = {isa = PBXBuildFile; fileRef = EB1D48C92267CB07001A754D /* HostMeetingViewController.xib */; };
		EB1D48CE2267D303001A754D /* ParticipantLobbyViewController.swift in Sources */ = {isa = PBXBuildFile; fileRef = EB1D48CC2267D303001A754D /* ParticipantLobbyViewController.swift */; };
		EB1D48CF2267D303001A754D /* ParticipantLobbyViewController.xib in Resources */ = {isa = PBXBuildFile; fileRef = EB1D48CD2267D303001A754D /* ParticipantLobbyViewController.xib */; };
		EB1D48D12267DA3F001A754D /* MeetingState.swift in Sources */ = {isa = PBXBuildFile; fileRef = EB1D48D02267DA3F001A754D /* MeetingState.swift */; };
		EB1D48D42267DC66001A754D /* ParticipantMainViewController.swift in Sources */ = {isa = PBXBuildFile; fileRef = EB1D48D22267DC66001A754D /* ParticipantMainViewController.swift */; };
		EB1D48D52267DC66001A754D /* ParticipantMainViewController.xib in Resources */ = {isa = PBXBuildFile; fileRef = EB1D48D32267DC66001A754D /* ParticipantMainViewController.xib */; };
		EB1FAB932268AB3F0037A6A5 /* HostInMeetingTableViewCell.swift in Sources */ = {isa = PBXBuildFile; fileRef = EB1FAB912268AB3F0037A6A5 /* HostInMeetingTableViewCell.swift */; };
		EB1FAB942268AB3F0037A6A5 /* HostInMeetingTableViewCell.xib in Resources */ = {isa = PBXBuildFile; fileRef = EB1FAB922268AB3F0037A6A5 /* HostInMeetingTableViewCell.xib */; };
		EB1FAB972268AF300037A6A5 /* HostInMeetingTableViewController.swift in Sources */ = {isa = PBXBuildFile; fileRef = EB1FAB952268AF300037A6A5 /* HostInMeetingTableViewController.swift */; };
		EB1FAB982268AF300037A6A5 /* HostInMeetingTableViewController.xib in Resources */ = {isa = PBXBuildFile; fileRef = EB1FAB962268AF300037A6A5 /* HostInMeetingTableViewController.xib */; };
		EB1FAB9A22777B3C0037A6A5 /* TableKeys.swift in Sources */ = {isa = PBXBuildFile; fileRef = EB1FAB9922777B3C0037A6A5 /* TableKeys.swift */; };
		EBBB4A86227B501600D61976 /* ParticipantSelfSpeakerViewController.swift in Sources */ = {isa = PBXBuildFile; fileRef = EBBB4A84227B501600D61976 /* ParticipantSelfSpeakerViewController.swift */; };
		EBBB4A87227B501600D61976 /* ParticipantSelfSpeakerViewController.xib in Resources */ = {isa = PBXBuildFile; fileRef = EBBB4A85227B501600D61976 /* ParticipantSelfSpeakerViewController.xib */; };
		EBBB4A89227F84A800D61976 /* SpeakerControllerService.swift in Sources */ = {isa = PBXBuildFile; fileRef = EBBB4A88227F84A800D61976 /* SpeakerControllerService.swift */; };
		EBBB4A8C2281846800D61976 /* MinutesAndSecondsPrettyString.swift in Sources */ = {isa = PBXBuildFile; fileRef = EBBB4A8B2281846800D61976 /* MinutesAndSecondsPrettyString.swift */; };
		EBBB4A8E228194E100D61976 /* MinutesAndSecondsPrettyStringTests.swift in Sources */ = {isa = PBXBuildFile; fileRef = EBBB4A8D228194E100D61976 /* MinutesAndSecondsPrettyStringTests.swift */; };
		EBF347812278C20B008A6154 /* ArrayRotation.swift in Sources */ = {isa = PBXBuildFile; fileRef = EBF347802278C20B008A6154 /* ArrayRotation.swift */; };
		EBF3479E2278E69E008A6154 /* TeamBoostFireTests.swift in Sources */ = {isa = PBXBuildFile; fileRef = EBF3479D2278E69E008A6154 /* TeamBoostFireTests.swift */; };
		EBFCA67022668D2E0047CD75 /* AppDelegate.swift in Sources */ = {isa = PBXBuildFile; fileRef = EBFCA66F22668D2E0047CD75 /* AppDelegate.swift */; };
		EBFCA67522668D2E0047CD75 /* Main.storyboard in Resources */ = {isa = PBXBuildFile; fileRef = EBFCA67322668D2E0047CD75 /* Main.storyboard */; };
		EBFCA67722668D2F0047CD75 /* Assets.xcassets in Resources */ = {isa = PBXBuildFile; fileRef = EBFCA67622668D2F0047CD75 /* Assets.xcassets */; };
		EBFCA67A22668D2F0047CD75 /* LaunchScreen.storyboard in Resources */ = {isa = PBXBuildFile; fileRef = EBFCA67822668D2F0047CD75 /* LaunchScreen.storyboard */; };
		EBFCA68222668E050047CD75 /* GoogleService-Info.plist in Resources */ = {isa = PBXBuildFile; fileRef = EBFCA68122668E050047CD75 /* GoogleService-Info.plist */; };
		EBFF147E2279ABD6006F218F /* StubMeeting.swift in Sources */ = {isa = PBXBuildFile; fileRef = EBFF147D2279ABD6006F218F /* StubMeeting.swift */; };
/* End PBXBuildFile section */

/* Begin PBXContainerItemProxy section */
		EBF347A02278E69E008A6154 /* PBXContainerItemProxy */ = {
			isa = PBXContainerItemProxy;
			containerPortal = EBFCA66422668D2E0047CD75 /* Project object */;
			proxyType = 1;
			remoteGlobalIDString = EBFCA66B22668D2E0047CD75;
			remoteInfo = TeamBoostFire;
		};
/* End PBXContainerItemProxy section */

/* Begin PBXFileReference section */
		3579CA3806A3CB8EF0A0814E /* Pods-TeamBoostFireTests.release.xcconfig */ = {isa = PBXFileReference; includeInIndex = 1; lastKnownFileType = text.xcconfig; name = "Pods-TeamBoostFireTests.release.xcconfig"; path = "Pods/Target Support Files/Pods-TeamBoostFireTests/Pods-TeamBoostFireTests.release.xcconfig"; sourceTree = "<group>"; };
		60165D08B4F6B6041ED361E1 /* Pods-TeamBoostFire.debug.xcconfig */ = {isa = PBXFileReference; includeInIndex = 1; lastKnownFileType = text.xcconfig; name = "Pods-TeamBoostFire.debug.xcconfig"; path = "Pods/Target Support Files/Pods-TeamBoostFire/Pods-TeamBoostFire.debug.xcconfig"; sourceTree = "<group>"; };
		606177A8447B888DA624D051 /* Pods-TeamBoostFire.release.xcconfig */ = {isa = PBXFileReference; includeInIndex = 1; lastKnownFileType = text.xcconfig; name = "Pods-TeamBoostFire.release.xcconfig"; path = "Pods/Target Support Files/Pods-TeamBoostFire/Pods-TeamBoostFire.release.xcconfig"; sourceTree = "<group>"; };
		60FF2B45E7013C2921BC785A /* Pods_TeamBoostFireTests.framework */ = {isa = PBXFileReference; explicitFileType = wrapper.framework; includeInIndex = 0; path = Pods_TeamBoostFireTests.framework; sourceTree = BUILT_PRODUCTS_DIR; };
		76FA4DB3EEFE974B4EB822DB /* Pods-TeamBoostFireTests.debug.xcconfig */ = {isa = PBXFileReference; includeInIndex = 1; lastKnownFileType = text.xcconfig; name = "Pods-TeamBoostFireTests.debug.xcconfig"; path = "Pods/Target Support Files/Pods-TeamBoostFireTests/Pods-TeamBoostFireTests.debug.xcconfig"; sourceTree = "<group>"; };
		EB1D48AB22672650001A754D /* HostSetupMeetingViewController.swift */ = {isa = PBXFileReference; lastKnownFileType = sourcecode.swift; path = HostSetupMeetingViewController.swift; sourceTree = "<group>"; };
		EB1D48AD22672817001A754D /* ParticipantJoinMeetingViewController.swift */ = {isa = PBXFileReference; lastKnownFileType = sourcecode.swift; path = ParticipantJoinMeetingViewController.swift; sourceTree = "<group>"; };
		EB1D48AF226729FD001A754D /* CoreServices.swift */ = {isa = PBXFileReference; lastKnownFileType = sourcecode.swift; path = CoreServices.swift; sourceTree = "<group>"; };
		EB1D48B122672E45001A754D /* MeetingParams.swift */ = {isa = PBXFileReference; lastKnownFileType = sourcecode.swift; path = MeetingParams.swift; sourceTree = "<group>"; };
		EB1D48B322672E82001A754D /* HostSetupMeetingUseCase.swift */ = {isa = PBXFileReference; lastKnownFileType = sourcecode.swift; path = HostSetupMeetingUseCase.swift; sourceTree = "<group>"; };
		EB1D48B52267395E001A754D /* HostWaitingViewController.swift */ = {isa = PBXFileReference; lastKnownFileType = sourcecode.swift; path = HostWaitingViewController.swift; sourceTree = "<group>"; };
		EB1D48B62267395E001A754D /* HostWaitingViewController.xib */ = {isa = PBXFileReference; lastKnownFileType = file.xib; path = HostWaitingViewController.xib; sourceTree = "<group>"; };
		EB1D48BA226740BA001A754D /* HostWaitingTableViewCell.swift */ = {isa = PBXFileReference; lastKnownFileType = sourcecode.swift; path = HostWaitingTableViewCell.swift; sourceTree = "<group>"; };
		EB1D48BB226740BA001A754D /* HostWaitingTableViewCell.xib */ = {isa = PBXFileReference; lastKnownFileType = file.xib; path = HostWaitingTableViewCell.xib; sourceTree = "<group>"; };
		EB1D48BE22675248001A754D /* HostWaitingTableViewController.swift */ = {isa = PBXFileReference; lastKnownFileType = sourcecode.swift; path = HostWaitingTableViewController.swift; sourceTree = "<group>"; };
		EB1D48BF22675248001A754D /* HostWaitingTableViewController.xib */ = {isa = PBXFileReference; lastKnownFileType = file.xib; path = HostWaitingTableViewController.xib; sourceTree = "<group>"; };
		EB1D48C222675827001A754D /* Participant.swift */ = {isa = PBXFileReference; lastKnownFileType = sourcecode.swift; path = Participant.swift; sourceTree = "<group>"; };
		EB1D48C4226762A5001A754D /* TeamBoostNotifications.swift */ = {isa = PBXFileReference; lastKnownFileType = sourcecode.swift; path = TeamBoostNotifications.swift; sourceTree = "<group>"; };
		EB1D48C62267C93C001A754D /* ParticipantJoinMeetingUseCase.swift */ = {isa = PBXFileReference; lastKnownFileType = sourcecode.swift; path = ParticipantJoinMeetingUseCase.swift; sourceTree = "<group>"; };
		EB1D48C82267CB07001A754D /* HostMeetingViewController.swift */ = {isa = PBXFileReference; lastKnownFileType = sourcecode.swift; path = HostMeetingViewController.swift; sourceTree = "<group>"; };
		EB1D48C92267CB07001A754D /* HostMeetingViewController.xib */ = {isa = PBXFileReference; lastKnownFileType = file.xib; path = HostMeetingViewController.xib; sourceTree = "<group>"; };
		EB1D48CC2267D303001A754D /* ParticipantLobbyViewController.swift */ = {isa = PBXFileReference; lastKnownFileType = sourcecode.swift; path = ParticipantLobbyViewController.swift; sourceTree = "<group>"; };
		EB1D48CD2267D303001A754D /* ParticipantLobbyViewController.xib */ = {isa = PBXFileReference; lastKnownFileType = file.xib; path = ParticipantLobbyViewController.xib; sourceTree = "<group>"; };
		EB1D48D02267DA3F001A754D /* MeetingState.swift */ = {isa = PBXFileReference; lastKnownFileType = sourcecode.swift; path = MeetingState.swift; sourceTree = "<group>"; };
		EB1D48D22267DC66001A754D /* ParticipantMainViewController.swift */ = {isa = PBXFileReference; lastKnownFileType = sourcecode.swift; path = ParticipantMainViewController.swift; sourceTree = "<group>"; };
		EB1D48D32267DC66001A754D /* ParticipantMainViewController.xib */ = {isa = PBXFileReference; lastKnownFileType = file.xib; path = ParticipantMainViewController.xib; sourceTree = "<group>"; };
		EB1FAB912268AB3F0037A6A5 /* HostInMeetingTableViewCell.swift */ = {isa = PBXFileReference; lastKnownFileType = sourcecode.swift; path = HostInMeetingTableViewCell.swift; sourceTree = "<group>"; };
		EB1FAB922268AB3F0037A6A5 /* HostInMeetingTableViewCell.xib */ = {isa = PBXFileReference; lastKnownFileType = file.xib; path = HostInMeetingTableViewCell.xib; sourceTree = "<group>"; };
		EB1FAB952268AF300037A6A5 /* HostInMeetingTableViewController.swift */ = {isa = PBXFileReference; lastKnownFileType = sourcecode.swift; path = HostInMeetingTableViewController.swift; sourceTree = "<group>"; };
		EB1FAB962268AF300037A6A5 /* HostInMeetingTableViewController.xib */ = {isa = PBXFileReference; lastKnownFileType = file.xib; path = HostInMeetingTableViewController.xib; sourceTree = "<group>"; };
		EB1FAB9922777B3C0037A6A5 /* TableKeys.swift */ = {isa = PBXFileReference; lastKnownFileType = sourcecode.swift; path = TableKeys.swift; sourceTree = "<group>"; };
		EBBB4A84227B501600D61976 /* ParticipantSelfSpeakerViewController.swift */ = {isa = PBXFileReference; lastKnownFileType = sourcecode.swift; path = ParticipantSelfSpeakerViewController.swift; sourceTree = "<group>"; };
		EBBB4A85227B501600D61976 /* ParticipantSelfSpeakerViewController.xib */ = {isa = PBXFileReference; lastKnownFileType = file.xib; path = ParticipantSelfSpeakerViewController.xib; sourceTree = "<group>"; };
		EBBB4A88227F84A800D61976 /* SpeakerControllerService.swift */ = {isa = PBXFileReference; lastKnownFileType = sourcecode.swift; path = SpeakerControllerService.swift; sourceTree = "<group>"; };
		EBBB4A8B2281846800D61976 /* MinutesAndSecondsPrettyString.swift */ = {isa = PBXFileReference; lastKnownFileType = sourcecode.swift; path = MinutesAndSecondsPrettyString.swift; sourceTree = "<group>"; };
		EBBB4A8D228194E100D61976 /* MinutesAndSecondsPrettyStringTests.swift */ = {isa = PBXFileReference; lastKnownFileType = sourcecode.swift; path = MinutesAndSecondsPrettyStringTests.swift; sourceTree = "<group>"; };
		EBF347802278C20B008A6154 /* ArrayRotation.swift */ = {isa = PBXFileReference; lastKnownFileType = sourcecode.swift; path = ArrayRotation.swift; sourceTree = "<group>"; };
		EBF3479B2278E69E008A6154 /* TeamBoostFireTests.xctest */ = {isa = PBXFileReference; explicitFileType = wrapper.cfbundle; includeInIndex = 0; path = TeamBoostFireTests.xctest; sourceTree = BUILT_PRODUCTS_DIR; };
		EBF3479D2278E69E008A6154 /* TeamBoostFireTests.swift */ = {isa = PBXFileReference; lastKnownFileType = sourcecode.swift; path = TeamBoostFireTests.swift; sourceTree = "<group>"; };
		EBF3479F2278E69E008A6154 /* Info.plist */ = {isa = PBXFileReference; lastKnownFileType = text.plist.xml; path = Info.plist; sourceTree = "<group>"; };
		EBFCA66C22668D2E0047CD75 /* TeamBoostFire.app */ = {isa = PBXFileReference; explicitFileType = wrapper.application; includeInIndex = 0; path = TeamBoostFire.app; sourceTree = BUILT_PRODUCTS_DIR; };
		EBFCA66F22668D2E0047CD75 /* AppDelegate.swift */ = {isa = PBXFileReference; lastKnownFileType = sourcecode.swift; path = AppDelegate.swift; sourceTree = "<group>"; };
		EBFCA67422668D2E0047CD75 /* Base */ = {isa = PBXFileReference; lastKnownFileType = file.storyboard; name = Base; path = Base.lproj/Main.storyboard; sourceTree = "<group>"; };
		EBFCA67622668D2F0047CD75 /* Assets.xcassets */ = {isa = PBXFileReference; lastKnownFileType = folder.assetcatalog; path = Assets.xcassets; sourceTree = "<group>"; };
		EBFCA67922668D2F0047CD75 /* Base */ = {isa = PBXFileReference; lastKnownFileType = file.storyboard; name = Base; path = Base.lproj/LaunchScreen.storyboard; sourceTree = "<group>"; };
		EBFCA67B22668D2F0047CD75 /* Info.plist */ = {isa = PBXFileReference; lastKnownFileType = text.plist.xml; path = Info.plist; sourceTree = "<group>"; };
		EBFCA68122668E050047CD75 /* GoogleService-Info.plist */ = {isa = PBXFileReference; fileEncoding = 4; lastKnownFileType = text.plist.xml; path = "GoogleService-Info.plist"; sourceTree = "<group>"; };
		EBFF147D2279ABD6006F218F /* StubMeeting.swift */ = {isa = PBXFileReference; lastKnownFileType = sourcecode.swift; path = StubMeeting.swift; sourceTree = "<group>"; };
		F6636C804E2430BA83BAA878 /* Pods_TeamBoostFire.framework */ = {isa = PBXFileReference; explicitFileType = wrapper.framework; includeInIndex = 0; path = Pods_TeamBoostFire.framework; sourceTree = BUILT_PRODUCTS_DIR; };
/* End PBXFileReference section */

/* Begin PBXFrameworksBuildPhase section */
		EBF347982278E69E008A6154 /* Frameworks */ = {
			isa = PBXFrameworksBuildPhase;
			buildActionMask = 2147483647;
			files = (
				DEB828E39FAC5A26AAAB134D /* Pods_TeamBoostFireTests.framework in Frameworks */,
			);
			runOnlyForDeploymentPostprocessing = 0;
		};
		EBFCA66922668D2E0047CD75 /* Frameworks */ = {
			isa = PBXFrameworksBuildPhase;
			buildActionMask = 2147483647;
			files = (
				271A8C1FDC01D84560074987 /* Pods_TeamBoostFire.framework in Frameworks */,
			);
			runOnlyForDeploymentPostprocessing = 0;
		};
/* End PBXFrameworksBuildPhase section */

/* Begin PBXGroup section */
		707EC7923C6896DD9DDCC0D2 /* Pods */ = {
			isa = PBXGroup;
			children = (
				60165D08B4F6B6041ED361E1 /* Pods-TeamBoostFire.debug.xcconfig */,
				606177A8447B888DA624D051 /* Pods-TeamBoostFire.release.xcconfig */,
				76FA4DB3EEFE974B4EB822DB /* Pods-TeamBoostFireTests.debug.xcconfig */,
				3579CA3806A3CB8EF0A0814E /* Pods-TeamBoostFireTests.release.xcconfig */,
			);
			name = Pods;
			sourceTree = "<group>";
		};
		7DBD6B24C39A664C35E599E3 /* Frameworks */ = {
			isa = PBXGroup;
			children = (
				F6636C804E2430BA83BAA878 /* Pods_TeamBoostFire.framework */,
				60FF2B45E7013C2921BC785A /* Pods_TeamBoostFireTests.framework */,
			);
			name = Frameworks;
			sourceTree = "<group>";
		};
		EB1D48A82267260F001A754D /* Controllers */ = {
			isa = PBXGroup;
			children = (
				EB1D48D62268A271001A754D /* Participant */,
				EB1D48D72268A28C001A754D /* Host */,
			);
			path = Controllers;
			sourceTree = "<group>";
		};
		EB1D48A92267261E001A754D /* UseCases */ = {
			isa = PBXGroup;
			children = (
				EB1D48B322672E82001A754D /* HostSetupMeetingUseCase.swift */,
				EB1D48C62267C93C001A754D /* ParticipantJoinMeetingUseCase.swift */,
			);
			path = UseCases;
			sourceTree = "<group>";
		};
		EB1D48AA22672624001A754D /* Model */ = {
			isa = PBXGroup;
			children = (
				EB1D48B122672E45001A754D /* MeetingParams.swift */,
				EB1D48C222675827001A754D /* Participant.swift */,
				EB1D48D02267DA3F001A754D /* MeetingState.swift */,
			);
			path = Model;
			sourceTree = "<group>";
		};
		EB1D48B922674074001A754D /* Views */ = {
			isa = PBXGroup;
			children = (
				EB1D48BA226740BA001A754D /* HostWaitingTableViewCell.swift */,
				EB1D48BB226740BA001A754D /* HostWaitingTableViewCell.xib */,
				EB1FAB912268AB3F0037A6A5 /* HostInMeetingTableViewCell.swift */,
				EB1FAB922268AB3F0037A6A5 /* HostInMeetingTableViewCell.xib */,
			);
			path = Views;
			sourceTree = "<group>";
		};
		EB1D48D62268A271001A754D /* Participant */ = {
			isa = PBXGroup;
			children = (
				EB1D48D32267DC66001A754D /* ParticipantMainViewController.xib */,
				EB1D48AD22672817001A754D /* ParticipantJoinMeetingViewController.swift */,
				EB1D48CC2267D303001A754D /* ParticipantLobbyViewController.swift */,
				EB1D48CD2267D303001A754D /* ParticipantLobbyViewController.xib */,
				EB1D48D22267DC66001A754D /* ParticipantMainViewController.swift */,
				EBBB4A84227B501600D61976 /* ParticipantSelfSpeakerViewController.swift */,
				EBBB4A85227B501600D61976 /* ParticipantSelfSpeakerViewController.xib */,
			);
			path = Participant;
			sourceTree = "<group>";
		};
		EB1D48D72268A28C001A754D /* Host */ = {
			isa = PBXGroup;
			children = (
				EB1D48AB22672650001A754D /* HostSetupMeetingViewController.swift */,
				EB1D48B52267395E001A754D /* HostWaitingViewController.swift */,
				EB1D48B62267395E001A754D /* HostWaitingViewController.xib */,
				EB1D48BE22675248001A754D /* HostWaitingTableViewController.swift */,
				EB1D48BF22675248001A754D /* HostWaitingTableViewController.xib */,
				EB1D48C82267CB07001A754D /* HostMeetingViewController.swift */,
				EB1D48C92267CB07001A754D /* HostMeetingViewController.xib */,
				EB1FAB952268AF300037A6A5 /* HostInMeetingTableViewController.swift */,
				EB1FAB962268AF300037A6A5 /* HostInMeetingTableViewController.xib */,
			);
			path = Host;
			sourceTree = "<group>";
		};
		EBBB4A8A227F850900D61976 /* Services */ = {
			isa = PBXGroup;
			children = (
				EB1D48AF226729FD001A754D /* CoreServices.swift */,
				EBBB4A88227F84A800D61976 /* SpeakerControllerService.swift */,
			);
			path = Services;
			sourceTree = "<group>";
		};
		EBF3477F2278C1E4008A6154 /* Extensions */ = {
			isa = PBXGroup;
			children = (
				EBF347802278C20B008A6154 /* ArrayRotation.swift */,
				EBBB4A8B2281846800D61976 /* MinutesAndSecondsPrettyString.swift */,
			);
			path = Extensions;
			sourceTree = "<group>";
		};
		EBF3479C2278E69E008A6154 /* TeamBoostFireTests */ = {
			isa = PBXGroup;
			children = (
				EBF3479D2278E69E008A6154 /* TeamBoostFireTests.swift */,
				EBF3479F2278E69E008A6154 /* Info.plist */,
				EBBB4A8D228194E100D61976 /* MinutesAndSecondsPrettyStringTests.swift */,
			);
			path = TeamBoostFireTests;
			sourceTree = "<group>";
		};
		EBFCA66322668D2E0047CD75 = {
			isa = PBXGroup;
			children = (
				EBFCA66E22668D2E0047CD75 /* TeamBoostFire */,
				EBF3479C2278E69E008A6154 /* TeamBoostFireTests */,
				EBFCA66D22668D2E0047CD75 /* Products */,
				707EC7923C6896DD9DDCC0D2 /* Pods */,
				7DBD6B24C39A664C35E599E3 /* Frameworks */,
			);
			sourceTree = "<group>";
		};
		EBFCA66D22668D2E0047CD75 /* Products */ = {
			isa = PBXGroup;
			children = (
				EBFCA66C22668D2E0047CD75 /* TeamBoostFire.app */,
				EBF3479B2278E69E008A6154 /* TeamBoostFireTests.xctest */,
			);
			name = Products;
			sourceTree = "<group>";
		};
		EBFCA66E22668D2E0047CD75 /* TeamBoostFire */ = {
			isa = PBXGroup;
			children = (
				EBFCA66F22668D2E0047CD75 /* AppDelegate.swift */,
				EBBB4A8A227F850900D61976 /* Services */,
				EB1D48C4226762A5001A754D /* TeamBoostNotifications.swift */,
				EBFCA67322668D2E0047CD75 /* Main.storyboard */,
				EBFCA67622668D2F0047CD75 /* Assets.xcassets */,
				EBFCA67822668D2F0047CD75 /* LaunchScreen.storyboard */,
				EBFCA67B22668D2F0047CD75 /* Info.plist */,
				EBFCA68122668E050047CD75 /* GoogleService-Info.plist */,
				EB1D48B922674074001A754D /* Views */,
				EB1D48A82267260F001A754D /* Controllers */,
				EB1D48AA22672624001A754D /* Model */,
				EBF3477F2278C1E4008A6154 /* Extensions */,
				EB1D48A92267261E001A754D /* UseCases */,
				EB1FAB9922777B3C0037A6A5 /* TableKeys.swift */,
				EBFF147D2279ABD6006F218F /* StubMeeting.swift */,
			);
			path = TeamBoostFire;
			sourceTree = "<group>";
		};
/* End PBXGroup section */

/* Begin PBXNativeTarget section */
		EBF3479A2278E69E008A6154 /* TeamBoostFireTests */ = {
			isa = PBXNativeTarget;
			buildConfigurationList = EBF347A42278E69E008A6154 /* Build configuration list for PBXNativeTarget "TeamBoostFireTests" */;
			buildPhases = (
				CBA776C075970B4122834D90 /* [CP] Check Pods Manifest.lock */,
				EBF347972278E69E008A6154 /* Sources */,
				EBF347982278E69E008A6154 /* Frameworks */,
				EBF347992278E69E008A6154 /* Resources */,
				DED5B0A29B228117BCF4D440 /* [CP] Embed Pods Frameworks */,
			);
			buildRules = (
			);
			dependencies = (
				EBF347A12278E69E008A6154 /* PBXTargetDependency */,
			);
			name = TeamBoostFireTests;
			productName = TeamBoostFireTests;
			productReference = EBF3479B2278E69E008A6154 /* TeamBoostFireTests.xctest */;
			productType = "com.apple.product-type.bundle.unit-test";
		};
		EBFCA66B22668D2E0047CD75 /* TeamBoostFire */ = {
			isa = PBXNativeTarget;
			buildConfigurationList = EBFCA67E22668D2F0047CD75 /* Build configuration list for PBXNativeTarget "TeamBoostFire" */;
			buildPhases = (
				FC9D5D3F99F28CC278BF4C0C /* [CP] Check Pods Manifest.lock */,
				EBFCA66822668D2E0047CD75 /* Sources */,
				EBFCA66922668D2E0047CD75 /* Frameworks */,
				EBFCA66A22668D2E0047CD75 /* Resources */,
				4AAD7D363C58D7396DB62520 /* [CP] Embed Pods Frameworks */,
			);
			buildRules = (
			);
			dependencies = (
			);
			name = TeamBoostFire;
			productName = TeamBoostFire;
			productReference = EBFCA66C22668D2E0047CD75 /* TeamBoostFire.app */;
			productType = "com.apple.product-type.application";
		};
/* End PBXNativeTarget section */

/* Begin PBXProject section */
		EBFCA66422668D2E0047CD75 /* Project object */ = {
			isa = PBXProject;
			attributes = {
				LastSwiftUpdateCheck = 1020;
				LastUpgradeCheck = 1020;
				ORGANIZATIONNAME = "Amin Rehman";
				TargetAttributes = {
					EBF3479A2278E69E008A6154 = {
						CreatedOnToolsVersion = 10.2;
						TestTargetID = EBFCA66B22668D2E0047CD75;
					};
					EBFCA66B22668D2E0047CD75 = {
						CreatedOnToolsVersion = 10.2;
					};
				};
			};
			buildConfigurationList = EBFCA66722668D2E0047CD75 /* Build configuration list for PBXProject "TeamBoostFire" */;
			compatibilityVersion = "Xcode 9.3";
			developmentRegion = en;
			hasScannedForEncodings = 0;
			knownRegions = (
				en,
				Base,
			);
			mainGroup = EBFCA66322668D2E0047CD75;
			productRefGroup = EBFCA66D22668D2E0047CD75 /* Products */;
			projectDirPath = "";
			projectRoot = "";
			targets = (
				EBFCA66B22668D2E0047CD75 /* TeamBoostFire */,
				EBF3479A2278E69E008A6154 /* TeamBoostFireTests */,
			);
		};
/* End PBXProject section */

/* Begin PBXResourcesBuildPhase section */
		EBF347992278E69E008A6154 /* Resources */ = {
			isa = PBXResourcesBuildPhase;
			buildActionMask = 2147483647;
			files = (
			);
			runOnlyForDeploymentPostprocessing = 0;
		};
		EBFCA66A22668D2E0047CD75 /* Resources */ = {
			isa = PBXResourcesBuildPhase;
			buildActionMask = 2147483647;
			files = (
				EB1FAB942268AB3F0037A6A5 /* HostInMeetingTableViewCell.xib in Resources */,
				EBFCA67A22668D2F0047CD75 /* LaunchScreen.storyboard in Resources */,
				EBBB4A87227B501600D61976 /* ParticipantSelfSpeakerViewController.xib in Resources */,
				EB1FAB982268AF300037A6A5 /* HostInMeetingTableViewController.xib in Resources */,
				EB1D48C122675248001A754D /* HostWaitingTableViewController.xib in Resources */,
				EB1D48B82267395E001A754D /* HostWaitingViewController.xib in Resources */,
				EB1D48BD226740BA001A754D /* HostWaitingTableViewCell.xib in Resources */,
				EB1D48CB2267CB07001A754D /* HostMeetingViewController.xib in Resources */,
				EB1D48D52267DC66001A754D /* ParticipantMainViewController.xib in Resources */,
				EB1D48CF2267D303001A754D /* ParticipantLobbyViewController.xib in Resources */,
				EBFCA68222668E050047CD75 /* GoogleService-Info.plist in Resources */,
				EBFCA67722668D2F0047CD75 /* Assets.xcassets in Resources */,
				EBFCA67522668D2E0047CD75 /* Main.storyboard in Resources */,
			);
			runOnlyForDeploymentPostprocessing = 0;
		};
/* End PBXResourcesBuildPhase section */

/* Begin PBXShellScriptBuildPhase section */
		4AAD7D363C58D7396DB62520 /* [CP] Embed Pods Frameworks */ = {
			isa = PBXShellScriptBuildPhase;
			buildActionMask = 2147483647;
			files = (
			);
			inputFileListPaths = (
			);
			inputPaths = (
				"${SRCROOT}/Pods/Target Support Files/Pods-TeamBoostFire/Pods-TeamBoostFire-frameworks.sh",
				"${BUILT_PRODUCTS_DIR}/GoogleUtilities/GoogleUtilities.framework",
				"${BUILT_PRODUCTS_DIR}/leveldb-library/leveldb.framework",
				"${BUILT_PRODUCTS_DIR}/nanopb/nanopb.framework",
			);
			name = "[CP] Embed Pods Frameworks";
			outputFileListPaths = (
			);
			outputPaths = (
				"${TARGET_BUILD_DIR}/${FRAMEWORKS_FOLDER_PATH}/GoogleUtilities.framework",
				"${TARGET_BUILD_DIR}/${FRAMEWORKS_FOLDER_PATH}/leveldb.framework",
				"${TARGET_BUILD_DIR}/${FRAMEWORKS_FOLDER_PATH}/nanopb.framework",
			);
			runOnlyForDeploymentPostprocessing = 0;
			shellPath = /bin/sh;
			shellScript = "\"${SRCROOT}/Pods/Target Support Files/Pods-TeamBoostFire/Pods-TeamBoostFire-frameworks.sh\"\n";
			showEnvVarsInLog = 0;
		};
		CBA776C075970B4122834D90 /* [CP] Check Pods Manifest.lock */ = {
			isa = PBXShellScriptBuildPhase;
			buildActionMask = 2147483647;
			files = (
			);
			inputFileListPaths = (
			);
			inputPaths = (
				"${PODS_PODFILE_DIR_PATH}/Podfile.lock",
				"${PODS_ROOT}/Manifest.lock",
			);
			name = "[CP] Check Pods Manifest.lock";
			outputFileListPaths = (
			);
			outputPaths = (
				"$(DERIVED_FILE_DIR)/Pods-TeamBoostFireTests-checkManifestLockResult.txt",
			);
			runOnlyForDeploymentPostprocessing = 0;
			shellPath = /bin/sh;
			shellScript = "diff \"${PODS_PODFILE_DIR_PATH}/Podfile.lock\" \"${PODS_ROOT}/Manifest.lock\" > /dev/null\nif [ $? != 0 ] ; then\n    # print error to STDERR\n    echo \"error: The sandbox is not in sync with the Podfile.lock. Run 'pod install' or update your CocoaPods installation.\" >&2\n    exit 1\nfi\n# This output is used by Xcode 'outputs' to avoid re-running this script phase.\necho \"SUCCESS\" > \"${SCRIPT_OUTPUT_FILE_0}\"\n";
			showEnvVarsInLog = 0;
		};
		DED5B0A29B228117BCF4D440 /* [CP] Embed Pods Frameworks */ = {
			isa = PBXShellScriptBuildPhase;
			buildActionMask = 2147483647;
			files = (
			);
			inputFileListPaths = (
			);
			inputPaths = (
				"${SRCROOT}/Pods/Target Support Files/Pods-TeamBoostFireTests/Pods-TeamBoostFireTests-frameworks.sh",
				"${BUILT_PRODUCTS_DIR}/GoogleUtilities/GoogleUtilities.framework",
				"${BUILT_PRODUCTS_DIR}/leveldb-library/leveldb.framework",
				"${BUILT_PRODUCTS_DIR}/nanopb/nanopb.framework",
			);
			name = "[CP] Embed Pods Frameworks";
			outputFileListPaths = (
			);
			outputPaths = (
				"${TARGET_BUILD_DIR}/${FRAMEWORKS_FOLDER_PATH}/GoogleUtilities.framework",
				"${TARGET_BUILD_DIR}/${FRAMEWORKS_FOLDER_PATH}/leveldb.framework",
				"${TARGET_BUILD_DIR}/${FRAMEWORKS_FOLDER_PATH}/nanopb.framework",
			);
			runOnlyForDeploymentPostprocessing = 0;
			shellPath = /bin/sh;
			shellScript = "\"${SRCROOT}/Pods/Target Support Files/Pods-TeamBoostFireTests/Pods-TeamBoostFireTests-frameworks.sh\"\n";
			showEnvVarsInLog = 0;
		};
		FC9D5D3F99F28CC278BF4C0C /* [CP] Check Pods Manifest.lock */ = {
			isa = PBXShellScriptBuildPhase;
			buildActionMask = 2147483647;
			files = (
			);
			inputFileListPaths = (
			);
			inputPaths = (
				"${PODS_PODFILE_DIR_PATH}/Podfile.lock",
				"${PODS_ROOT}/Manifest.lock",
			);
			name = "[CP] Check Pods Manifest.lock";
			outputFileListPaths = (
			);
			outputPaths = (
				"$(DERIVED_FILE_DIR)/Pods-TeamBoostFire-checkManifestLockResult.txt",
			);
			runOnlyForDeploymentPostprocessing = 0;
			shellPath = /bin/sh;
			shellScript = "diff \"${PODS_PODFILE_DIR_PATH}/Podfile.lock\" \"${PODS_ROOT}/Manifest.lock\" > /dev/null\nif [ $? != 0 ] ; then\n    # print error to STDERR\n    echo \"error: The sandbox is not in sync with the Podfile.lock. Run 'pod install' or update your CocoaPods installation.\" >&2\n    exit 1\nfi\n# This output is used by Xcode 'outputs' to avoid re-running this script phase.\necho \"SUCCESS\" > \"${SCRIPT_OUTPUT_FILE_0}\"\n";
			showEnvVarsInLog = 0;
		};
/* End PBXShellScriptBuildPhase section */

/* Begin PBXSourcesBuildPhase section */
		EBF347972278E69E008A6154 /* Sources */ = {
			isa = PBXSourcesBuildPhase;
			buildActionMask = 2147483647;
			files = (
				EBBB4A8E228194E100D61976 /* MinutesAndSecondsPrettyStringTests.swift in Sources */,
				EBF3479E2278E69E008A6154 /* TeamBoostFireTests.swift in Sources */,
			);
			runOnlyForDeploymentPostprocessing = 0;
		};
		EBFCA66822668D2E0047CD75 /* Sources */ = {
			isa = PBXSourcesBuildPhase;
			buildActionMask = 2147483647;
			files = (
				EBBB4A86227B501600D61976 /* ParticipantSelfSpeakerViewController.swift in Sources */,
				EB1D48BC226740BA001A754D /* HostWaitingTableViewCell.swift in Sources */,
				EB1D48AE22672817001A754D /* ParticipantJoinMeetingViewController.swift in Sources */,
				EB1D48C5226762A5001A754D /* TeamBoostNotifications.swift in Sources */,
				EBFCA67022668D2E0047CD75 /* AppDelegate.swift in Sources */,
				EB1D48CA2267CB07001A754D /* HostMeetingViewController.swift in Sources */,
				EB1D48D12267DA3F001A754D /* MeetingState.swift in Sources */,
				EB1D48AC22672650001A754D /* HostSetupMeetingViewController.swift in Sources */,
				EBFF147E2279ABD6006F218F /* StubMeeting.swift in Sources */,
				EB1D48B422672E82001A754D /* HostSetupMeetingUseCase.swift in Sources */,
				EBBB4A8C2281846800D61976 /* MinutesAndSecondsPrettyString.swift in Sources */,
				EB1D48B72267395E001A754D /* HostWaitingViewController.swift in Sources */,
				EBF347812278C20B008A6154 /* ArrayRotation.swift in Sources */,
				EB1D48D42267DC66001A754D /* ParticipantMainViewController.swift in Sources */,
				EB1D48C72267C93C001A754D /* ParticipantJoinMeetingUseCase.swift in Sources */,
				EB1D48C022675248001A754D /* HostWaitingTableViewController.swift in Sources */,
				EB1D48C322675827001A754D /* Participant.swift in Sources */,
				EB1FAB9A22777B3C0037A6A5 /* TableKeys.swift in Sources */,
				EB1D48CE2267D303001A754D /* ParticipantLobbyViewController.swift in Sources */,
				EBBB4A89227F84A800D61976 /* SpeakerControllerService.swift in Sources */,
				EB1FAB972268AF300037A6A5 /* HostInMeetingTableViewController.swift in Sources */,
				EB1D48B222672E45001A754D /* MeetingParams.swift in Sources */,
				EB1FAB932268AB3F0037A6A5 /* HostInMeetingTableViewCell.swift in Sources */,
				EB1D48B0226729FD001A754D /* CoreServices.swift in Sources */,
			);
			runOnlyForDeploymentPostprocessing = 0;
		};
/* End PBXSourcesBuildPhase section */

/* Begin PBXTargetDependency section */
		EBF347A12278E69E008A6154 /* PBXTargetDependency */ = {
			isa = PBXTargetDependency;
			target = EBFCA66B22668D2E0047CD75 /* TeamBoostFire */;
			targetProxy = EBF347A02278E69E008A6154 /* PBXContainerItemProxy */;
		};
/* End PBXTargetDependency section */

/* Begin PBXVariantGroup section */
		EBFCA67322668D2E0047CD75 /* Main.storyboard */ = {
			isa = PBXVariantGroup;
			children = (
				EBFCA67422668D2E0047CD75 /* Base */,
			);
			name = Main.storyboard;
			sourceTree = "<group>";
		};
		EBFCA67822668D2F0047CD75 /* LaunchScreen.storyboard */ = {
			isa = PBXVariantGroup;
			children = (
				EBFCA67922668D2F0047CD75 /* Base */,
			);
			name = LaunchScreen.storyboard;
			sourceTree = "<group>";
		};
/* End PBXVariantGroup section */

/* Begin XCBuildConfiguration section */
		EBF347A22278E69E008A6154 /* Debug */ = {
			isa = XCBuildConfiguration;
			baseConfigurationReference = 76FA4DB3EEFE974B4EB822DB /* Pods-TeamBoostFireTests.debug.xcconfig */;
			buildSettings = {
				BUNDLE_LOADER = "$(TEST_HOST)";
				CODE_SIGN_STYLE = Automatic;
				DEVELOPMENT_TEAM = 68QQNWZDTF;
				INFOPLIST_FILE = TeamBoostFireTests/Info.plist;
				LD_RUNPATH_SEARCH_PATHS = (
					"$(inherited)",
					"@executable_path/Frameworks",
					"@loader_path/Frameworks",
				);
				PRODUCT_BUNDLE_IDENTIFIER = yaberwock.TeamBoostFireTests;
				PRODUCT_NAME = "$(TARGET_NAME)";
				SWIFT_VERSION = 5.0;
				TARGETED_DEVICE_FAMILY = "1,2";
				TEST_HOST = "$(BUILT_PRODUCTS_DIR)/TeamBoostFire.app/TeamBoostFire";
			};
			name = Debug;
		};
		EBF347A32278E69E008A6154 /* Release */ = {
			isa = XCBuildConfiguration;
			baseConfigurationReference = 3579CA3806A3CB8EF0A0814E /* Pods-TeamBoostFireTests.release.xcconfig */;
			buildSettings = {
				BUNDLE_LOADER = "$(TEST_HOST)";
				CODE_SIGN_STYLE = Automatic;
				DEVELOPMENT_TEAM = 68QQNWZDTF;
				INFOPLIST_FILE = TeamBoostFireTests/Info.plist;
				LD_RUNPATH_SEARCH_PATHS = (
					"$(inherited)",
					"@executable_path/Frameworks",
					"@loader_path/Frameworks",
				);
				PRODUCT_BUNDLE_IDENTIFIER = yaberwock.TeamBoostFireTests;
				PRODUCT_NAME = "$(TARGET_NAME)";
				SWIFT_VERSION = 5.0;
				TARGETED_DEVICE_FAMILY = "1,2";
				TEST_HOST = "$(BUILT_PRODUCTS_DIR)/TeamBoostFire.app/TeamBoostFire";
			};
			name = Release;
		};
		EBFCA67C22668D2F0047CD75 /* Debug */ = {
			isa = XCBuildConfiguration;
			buildSettings = {
				ALWAYS_SEARCH_USER_PATHS = NO;
				CLANG_ANALYZER_NONNULL = YES;
				CLANG_ANALYZER_NUMBER_OBJECT_CONVERSION = YES_AGGRESSIVE;
				CLANG_CXX_LANGUAGE_STANDARD = "gnu++14";
				CLANG_CXX_LIBRARY = "libc++";
				CLANG_ENABLE_MODULES = YES;
				CLANG_ENABLE_OBJC_ARC = YES;
				CLANG_ENABLE_OBJC_WEAK = YES;
				CLANG_WARN_BLOCK_CAPTURE_AUTORELEASING = YES;
				CLANG_WARN_BOOL_CONVERSION = YES;
				CLANG_WARN_COMMA = YES;
				CLANG_WARN_CONSTANT_CONVERSION = YES;
				CLANG_WARN_DEPRECATED_OBJC_IMPLEMENTATIONS = YES;
				CLANG_WARN_DIRECT_OBJC_ISA_USAGE = YES_ERROR;
				CLANG_WARN_DOCUMENTATION_COMMENTS = YES;
				CLANG_WARN_EMPTY_BODY = YES;
				CLANG_WARN_ENUM_CONVERSION = YES;
				CLANG_WARN_INFINITE_RECURSION = YES;
				CLANG_WARN_INT_CONVERSION = YES;
				CLANG_WARN_NON_LITERAL_NULL_CONVERSION = YES;
				CLANG_WARN_OBJC_IMPLICIT_RETAIN_SELF = YES;
				CLANG_WARN_OBJC_LITERAL_CONVERSION = YES;
				CLANG_WARN_OBJC_ROOT_CLASS = YES_ERROR;
				CLANG_WARN_RANGE_LOOP_ANALYSIS = YES;
				CLANG_WARN_STRICT_PROTOTYPES = YES;
				CLANG_WARN_SUSPICIOUS_MOVE = YES;
				CLANG_WARN_UNGUARDED_AVAILABILITY = YES_AGGRESSIVE;
				CLANG_WARN_UNREACHABLE_CODE = YES;
				CLANG_WARN__DUPLICATE_METHOD_MATCH = YES;
				CODE_SIGN_IDENTITY = "iPhone Developer";
				COPY_PHASE_STRIP = NO;
				DEBUG_INFORMATION_FORMAT = dwarf;
				ENABLE_STRICT_OBJC_MSGSEND = YES;
				ENABLE_TESTABILITY = YES;
				GCC_C_LANGUAGE_STANDARD = gnu11;
				GCC_DYNAMIC_NO_PIC = NO;
				GCC_NO_COMMON_BLOCKS = YES;
				GCC_OPTIMIZATION_LEVEL = 0;
				GCC_PREPROCESSOR_DEFINITIONS = (
					"DEBUG=1",
					"$(inherited)",
				);
				GCC_WARN_64_TO_32_BIT_CONVERSION = YES;
				GCC_WARN_ABOUT_RETURN_TYPE = YES_ERROR;
				GCC_WARN_UNDECLARED_SELECTOR = YES;
				GCC_WARN_UNINITIALIZED_AUTOS = YES_AGGRESSIVE;
				GCC_WARN_UNUSED_FUNCTION = YES;
				GCC_WARN_UNUSED_VARIABLE = YES;
				IPHONEOS_DEPLOYMENT_TARGET = 12.2;
				MTL_ENABLE_DEBUG_INFO = INCLUDE_SOURCE;
				MTL_FAST_MATH = YES;
				ONLY_ACTIVE_ARCH = YES;
				SDKROOT = iphoneos;
				SWIFT_ACTIVE_COMPILATION_CONDITIONS = DEBUG;
				SWIFT_OPTIMIZATION_LEVEL = "-Onone";
			};
			name = Debug;
		};
		EBFCA67D22668D2F0047CD75 /* Release */ = {
			isa = XCBuildConfiguration;
			buildSettings = {
				ALWAYS_SEARCH_USER_PATHS = NO;
				CLANG_ANALYZER_NONNULL = YES;
				CLANG_ANALYZER_NUMBER_OBJECT_CONVERSION = YES_AGGRESSIVE;
				CLANG_CXX_LANGUAGE_STANDARD = "gnu++14";
				CLANG_CXX_LIBRARY = "libc++";
				CLANG_ENABLE_MODULES = YES;
				CLANG_ENABLE_OBJC_ARC = YES;
				CLANG_ENABLE_OBJC_WEAK = YES;
				CLANG_WARN_BLOCK_CAPTURE_AUTORELEASING = YES;
				CLANG_WARN_BOOL_CONVERSION = YES;
				CLANG_WARN_COMMA = YES;
				CLANG_WARN_CONSTANT_CONVERSION = YES;
				CLANG_WARN_DEPRECATED_OBJC_IMPLEMENTATIONS = YES;
				CLANG_WARN_DIRECT_OBJC_ISA_USAGE = YES_ERROR;
				CLANG_WARN_DOCUMENTATION_COMMENTS = YES;
				CLANG_WARN_EMPTY_BODY = YES;
				CLANG_WARN_ENUM_CONVERSION = YES;
				CLANG_WARN_INFINITE_RECURSION = YES;
				CLANG_WARN_INT_CONVERSION = YES;
				CLANG_WARN_NON_LITERAL_NULL_CONVERSION = YES;
				CLANG_WARN_OBJC_IMPLICIT_RETAIN_SELF = YES;
				CLANG_WARN_OBJC_LITERAL_CONVERSION = YES;
				CLANG_WARN_OBJC_ROOT_CLASS = YES_ERROR;
				CLANG_WARN_RANGE_LOOP_ANALYSIS = YES;
				CLANG_WARN_STRICT_PROTOTYPES = YES;
				CLANG_WARN_SUSPICIOUS_MOVE = YES;
				CLANG_WARN_UNGUARDED_AVAILABILITY = YES_AGGRESSIVE;
				CLANG_WARN_UNREACHABLE_CODE = YES;
				CLANG_WARN__DUPLICATE_METHOD_MATCH = YES;
				CODE_SIGN_IDENTITY = "iPhone Developer";
				COPY_PHASE_STRIP = NO;
				DEBUG_INFORMATION_FORMAT = "dwarf-with-dsym";
				ENABLE_NS_ASSERTIONS = NO;
				ENABLE_STRICT_OBJC_MSGSEND = YES;
				GCC_C_LANGUAGE_STANDARD = gnu11;
				GCC_NO_COMMON_BLOCKS = YES;
				GCC_WARN_64_TO_32_BIT_CONVERSION = YES;
				GCC_WARN_ABOUT_RETURN_TYPE = YES_ERROR;
				GCC_WARN_UNDECLARED_SELECTOR = YES;
				GCC_WARN_UNINITIALIZED_AUTOS = YES_AGGRESSIVE;
				GCC_WARN_UNUSED_FUNCTION = YES;
				GCC_WARN_UNUSED_VARIABLE = YES;
				IPHONEOS_DEPLOYMENT_TARGET = 12.2;
				MTL_ENABLE_DEBUG_INFO = NO;
				MTL_FAST_MATH = YES;
				SDKROOT = iphoneos;
				SWIFT_COMPILATION_MODE = wholemodule;
				SWIFT_OPTIMIZATION_LEVEL = "-O";
				VALIDATE_PRODUCT = YES;
			};
			name = Release;
		};
		EBFCA67F22668D2F0047CD75 /* Debug */ = {
			isa = XCBuildConfiguration;
			baseConfigurationReference = 60165D08B4F6B6041ED361E1 /* Pods-TeamBoostFire.debug.xcconfig */;
			buildSettings = {
				ASSETCATALOG_COMPILER_APPICON_NAME = AppIcon;
				CODE_SIGN_STYLE = Automatic;
				DEVELOPMENT_TEAM = 68QQNWZDTF;
				INFOPLIST_FILE = TeamBoostFire/Info.plist;
				IPHONEOS_DEPLOYMENT_TARGET = 11.0;
				LD_RUNPATH_SEARCH_PATHS = (
					"$(inherited)",
					"@executable_path/Frameworks",
				);
				PRODUCT_BUNDLE_IDENTIFIER = yaberwock.TeamBoostFireProto;
				PRODUCT_NAME = "$(TARGET_NAME)";
				SWIFT_VERSION = 4.2;
				TARGETED_DEVICE_FAMILY = "1,2";
			};
			name = Debug;
		};
		EBFCA68022668D2F0047CD75 /* Release */ = {
			isa = XCBuildConfiguration;
			baseConfigurationReference = 606177A8447B888DA624D051 /* Pods-TeamBoostFire.release.xcconfig */;
			buildSettings = {
				ASSETCATALOG_COMPILER_APPICON_NAME = AppIcon;
				CODE_SIGN_STYLE = Automatic;
				DEVELOPMENT_TEAM = 68QQNWZDTF;
				INFOPLIST_FILE = TeamBoostFire/Info.plist;
				IPHONEOS_DEPLOYMENT_TARGET = 11.0;
				LD_RUNPATH_SEARCH_PATHS = (
					"$(inherited)",
					"@executable_path/Frameworks",
				);
				PRODUCT_BUNDLE_IDENTIFIER = yaberwock.TeamBoostFireProto;
				PRODUCT_NAME = "$(TARGET_NAME)";
				SWIFT_VERSION = 4.2;
				TARGETED_DEVICE_FAMILY = "1,2";
			};
			name = Release;
		};
/* End XCBuildConfiguration section */

/* Begin XCConfigurationList section */
		EBF347A42278E69E008A6154 /* Build configuration list for PBXNativeTarget "TeamBoostFireTests" */ = {
			isa = XCConfigurationList;
			buildConfigurations = (
				EBF347A22278E69E008A6154 /* Debug */,
				EBF347A32278E69E008A6154 /* Release */,
			);
			defaultConfigurationIsVisible = 0;
			defaultConfigurationName = Release;
		};
		EBFCA66722668D2E0047CD75 /* Build configuration list for PBXProject "TeamBoostFire" */ = {
			isa = XCConfigurationList;
			buildConfigurations = (
				EBFCA67C22668D2F0047CD75 /* Debug */,
				EBFCA67D22668D2F0047CD75 /* Release */,
			);
			defaultConfigurationIsVisible = 0;
			defaultConfigurationName = Release;
		};
		EBFCA67E22668D2F0047CD75 /* Build configuration list for PBXNativeTarget "TeamBoostFire" */ = {
			isa = XCConfigurationList;
			buildConfigurations = (
				EBFCA67F22668D2F0047CD75 /* Debug */,
				EBFCA68022668D2F0047CD75 /* Release */,
			);
			defaultConfigurationIsVisible = 0;
			defaultConfigurationName = Release;
		};
/* End XCConfigurationList section */
	};
	rootObject = EBFCA66422668D2E0047CD75 /* Project object */;
}
