// !$*UTF8*$!
{
	archiveVersion = 1;
	classes = {
	};
	objectVersion = 50;
	objects = {

/* Begin PBXBuildFile section */
		271A8C1FDC01D84560074987 /* Pods_TeamBoostFire.framework in Frameworks */ = {isa = PBXBuildFile; fileRef = F6636C804E2430BA83BAA878 /* Pods_TeamBoostFire.framework */; };
		EB1D48AC22672650001A754D /* HostSetupMeetingViewController.swift in Sources */ = {isa = PBXBuildFile; fileRef = EB1D48AB22672650001A754D /* HostSetupMeetingViewController.swift */; };
		EBFCA67022668D2E0047CD75 /* AppDelegate.swift in Sources */ = {isa = PBXBuildFile; fileRef = EBFCA66F22668D2E0047CD75 /* AppDelegate.swift */; };
		EBFCA67222668D2E0047CD75 /* ViewController.swift in Sources */ = {isa = PBXBuildFile; fileRef = EBFCA67122668D2E0047CD75 /* ViewController.swift */; };
		EBFCA67522668D2E0047CD75 /* Main.storyboard in Resources */ = {isa = PBXBuildFile; fileRef = EBFCA67322668D2E0047CD75 /* Main.storyboard */; };
		EBFCA67722668D2F0047CD75 /* Assets.xcassets in Resources */ = {isa = PBXBuildFile; fileRef = EBFCA67622668D2F0047CD75 /* Assets.xcassets */; };
		EBFCA67A22668D2F0047CD75 /* LaunchScreen.storyboard in Resources */ = {isa = PBXBuildFile; fileRef = EBFCA67822668D2F0047CD75 /* LaunchScreen.storyboard */; };
		EBFCA68222668E050047CD75 /* GoogleService-Info.plist in Resources */ = {isa = PBXBuildFile; fileRef = EBFCA68122668E050047CD75 /* GoogleService-Info.plist */; };
/* End PBXBuildFile section */

/* Begin PBXFileReference section */
		60165D08B4F6B6041ED361E1 /* Pods-TeamBoostFire.debug.xcconfig */ = {isa = PBXFileReference; includeInIndex = 1; lastKnownFileType = text.xcconfig; name = "Pods-TeamBoostFire.debug.xcconfig"; path = "Pods/Target Support Files/Pods-TeamBoostFire/Pods-TeamBoostFire.debug.xcconfig"; sourceTree = "<group>"; };
		606177A8447B888DA624D051 /* Pods-TeamBoostFire.release.xcconfig */ = {isa = PBXFileReference; includeInIndex = 1; lastKnownFileType = text.xcconfig; name = "Pods-TeamBoostFire.release.xcconfig"; path = "Pods/Target Support Files/Pods-TeamBoostFire/Pods-TeamBoostFire.release.xcconfig"; sourceTree = "<group>"; };
		EB1D48AB22672650001A754D /* HostSetupMeetingViewController.swift */ = {isa = PBXFileReference; lastKnownFileType = sourcecode.swift; path = HostSetupMeetingViewController.swift; sourceTree = "<group>"; };
		EBFCA66C22668D2E0047CD75 /* TeamBoostFire.app */ = {isa = PBXFileReference; explicitFileType = wrapper.application; includeInIndex = 0; path = TeamBoostFire.app; sourceTree = BUILT_PRODUCTS_DIR; };
		EBFCA66F22668D2E0047CD75 /* AppDelegate.swift */ = {isa = PBXFileReference; lastKnownFileType = sourcecode.swift; path = AppDelegate.swift; sourceTree = "<group>"; };
		EBFCA67122668D2E0047CD75 /* ViewController.swift */ = {isa = PBXFileReference; lastKnownFileType = sourcecode.swift; path = ViewController.swift; sourceTree = "<group>"; };
		EBFCA67422668D2E0047CD75 /* Base */ = {isa = PBXFileReference; lastKnownFileType = file.storyboard; name = Base; path = Base.lproj/Main.storyboard; sourceTree = "<group>"; };
		EBFCA67622668D2F0047CD75 /* Assets.xcassets */ = {isa = PBXFileReference; lastKnownFileType = folder.assetcatalog; path = Assets.xcassets; sourceTree = "<group>"; };
		EBFCA67922668D2F0047CD75 /* Base */ = {isa = PBXFileReference; lastKnownFileType = file.storyboard; name = Base; path = Base.lproj/LaunchScreen.storyboard; sourceTree = "<group>"; };
		EBFCA67B22668D2F0047CD75 /* Info.plist */ = {isa = PBXFileReference; lastKnownFileType = text.plist.xml; path = Info.plist; sourceTree = "<group>"; };
		EBFCA68122668E050047CD75 /* GoogleService-Info.plist */ = {isa = PBXFileReference; fileEncoding = 4; lastKnownFileType = text.plist.xml; path = "GoogleService-Info.plist"; sourceTree = "<group>"; };
		F6636C804E2430BA83BAA878 /* Pods_TeamBoostFire.framework */ = {isa = PBXFileReference; explicitFileType = wrapper.framework; includeInIndex = 0; path = Pods_TeamBoostFire.framework; sourceTree = BUILT_PRODUCTS_DIR; };
/* End PBXFileReference section */

/* Begin PBXFrameworksBuildPhase section */
		EBFCA66922668D2E0047CD75 /* Frameworks */ = {
			isa = PBXFrameworksBuildPhase;
			buildActionMask = 2147483647;
			files = (
				271A8C1FDC01D84560074987 /* Pods_TeamBoostFire.framework in Frameworks */,
			);
			runOnlyForDeploymentPostprocessing = 0;
		};
/* End PBXFrameworksBuildPhase section */

/* Begin PBXGroup section */
		707EC7923C6896DD9DDCC0D2 /* Pods */ = {
			isa = PBXGroup;
			children = (
				60165D08B4F6B6041ED361E1 /* Pods-TeamBoostFire.debug.xcconfig */,
				606177A8447B888DA624D051 /* Pods-TeamBoostFire.release.xcconfig */,
			);
			name = Pods;
			sourceTree = "<group>";
		};
		7DBD6B24C39A664C35E599E3 /* Frameworks */ = {
			isa = PBXGroup;
			children = (
				F6636C804E2430BA83BAA878 /* Pods_TeamBoostFire.framework */,
			);
			name = Frameworks;
			sourceTree = "<group>";
		};
		EB1D48A82267260F001A754D /* Controllers */ = {
			isa = PBXGroup;
			children = (
				EB1D48AB22672650001A754D /* HostSetupMeetingViewController.swift */,
			);
			path = Controllers;
			sourceTree = "<group>";
		};
		EB1D48A92267261E001A754D /* UseCases */ = {
			isa = PBXGroup;
			children = (
			);
			path = UseCases;
			sourceTree = "<group>";
		};
		EB1D48AA22672624001A754D /* Model */ = {
			isa = PBXGroup;
			children = (
			);
			path = Model;
			sourceTree = "<group>";
		};
		EBFCA66322668D2E0047CD75 = {
			isa = PBXGroup;
			children = (
				EBFCA66E22668D2E0047CD75 /* TeamBoostFire */,
				EBFCA66D22668D2E0047CD75 /* Products */,
				707EC7923C6896DD9DDCC0D2 /* Pods */,
				7DBD6B24C39A664C35E599E3 /* Frameworks */,
			);
			sourceTree = "<group>";
		};
		EBFCA66D22668D2E0047CD75 /* Products */ = {
			isa = PBXGroup;
			children = (
				EBFCA66C22668D2E0047CD75 /* TeamBoostFire.app */,
			);
			name = Products;
			sourceTree = "<group>";
		};
		EBFCA66E22668D2E0047CD75 /* TeamBoostFire */ = {
			isa = PBXGroup;
			children = (
				EBFCA66F22668D2E0047CD75 /* AppDelegate.swift */,
				EBFCA67122668D2E0047CD75 /* ViewController.swift */,
				EBFCA67322668D2E0047CD75 /* Main.storyboard */,
				EBFCA67622668D2F0047CD75 /* Assets.xcassets */,
				EBFCA67822668D2F0047CD75 /* LaunchScreen.storyboard */,
				EBFCA67B22668D2F0047CD75 /* Info.plist */,
				EBFCA68122668E050047CD75 /* GoogleService-Info.plist */,
				EB1D48A82267260F001A754D /* Controllers */,
				EB1D48AA22672624001A754D /* Model */,
				EB1D48A92267261E001A754D /* UseCases */,
			);
			path = TeamBoostFire;
			sourceTree = "<group>";
		};
/* End PBXGroup section */

/* Begin PBXNativeTarget section */
		EBFCA66B22668D2E0047CD75 /* TeamBoostFire */ = {
			isa = PBXNativeTarget;
			buildConfigurationList = EBFCA67E22668D2F0047CD75 /* Build configuration list for PBXNativeTarget "TeamBoostFire" */;
			buildPhases = (
				FC9D5D3F99F28CC278BF4C0C /* [CP] Check Pods Manifest.lock */,
				EBFCA66822668D2E0047CD75 /* Sources */,
				EBFCA66922668D2E0047CD75 /* Frameworks */,
				EBFCA66A22668D2E0047CD75 /* Resources */,
				4AAD7D363C58D7396DB62520 /* [CP] Embed Pods Frameworks */,
			);
			buildRules = (
			);
			dependencies = (
			);
			name = TeamBoostFire;
			productName = TeamBoostFire;
			productReference = EBFCA66C22668D2E0047CD75 /* TeamBoostFire.app */;
			productType = "com.apple.product-type.application";
		};
/* End PBXNativeTarget section */

/* Begin PBXProject section */
		EBFCA66422668D2E0047CD75 /* Project object */ = {
			isa = PBXProject;
			attributes = {
				LastSwiftUpdateCheck = 1020;
				LastUpgradeCheck = 1020;
				ORGANIZATIONNAME = "Amin Rehman";
				TargetAttributes = {
					EBFCA66B22668D2E0047CD75 = {
						CreatedOnToolsVersion = 10.2;
					};
				};
			};
			buildConfigurationList = EBFCA66722668D2E0047CD75 /* Build configuration list for PBXProject "TeamBoostFire" */;
			compatibilityVersion = "Xcode 9.3";
			developmentRegion = en;
			hasScannedForEncodings = 0;
			knownRegions = (
				en,
				Base,
			);
			mainGroup = EBFCA66322668D2E0047CD75;
			productRefGroup = EBFCA66D22668D2E0047CD75 /* Products */;
			projectDirPath = "";
			projectRoot = "";
			targets = (
				EBFCA66B22668D2E0047CD75 /* TeamBoostFire */,
			);
		};
/* End PBXProject section */

/* Begin PBXResourcesBuildPhase section */
		EBFCA66A22668D2E0047CD75 /* Resources */ = {
			isa = PBXResourcesBuildPhase;
			buildActionMask = 2147483647;
			files = (
				EBFCA67A22668D2F0047CD75 /* LaunchScreen.storyboard in Resources */,
				EBFCA68222668E050047CD75 /* GoogleService-Info.plist in Resources */,
				EBFCA67722668D2F0047CD75 /* Assets.xcassets in Resources */,
				EBFCA67522668D2E0047CD75 /* Main.storyboard in Resources */,
			);
			runOnlyForDeploymentPostprocessing = 0;
		};
/* End PBXResourcesBuildPhase section */

/* Begin PBXShellScriptBuildPhase section */
		4AAD7D363C58D7396DB62520 /* [CP] Embed Pods Frameworks */ = {
			isa = PBXShellScriptBuildPhase;
			buildActionMask = 2147483647;
			files = (
			);
			inputFileListPaths = (
			);
			inputPaths = (
				"${SRCROOT}/Pods/Target Support Files/Pods-TeamBoostFire/Pods-TeamBoostFire-frameworks.sh",
				"${BUILT_PRODUCTS_DIR}/GoogleUtilities/GoogleUtilities.framework",
				"${BUILT_PRODUCTS_DIR}/leveldb-library/leveldb.framework",
				"${BUILT_PRODUCTS_DIR}/nanopb/nanopb.framework",
			);
			name = "[CP] Embed Pods Frameworks";
			outputFileListPaths = (
			);
			outputPaths = (
				"${TARGET_BUILD_DIR}/${FRAMEWORKS_FOLDER_PATH}/GoogleUtilities.framework",
				"${TARGET_BUILD_DIR}/${FRAMEWORKS_FOLDER_PATH}/leveldb.framework",
				"${TARGET_BUILD_DIR}/${FRAMEWORKS_FOLDER_PATH}/nanopb.framework",
			);
			runOnlyForDeploymentPostprocessing = 0;
			shellPath = /bin/sh;
			shellScript = "\"${SRCROOT}/Pods/Target Support Files/Pods-TeamBoostFire/Pods-TeamBoostFire-frameworks.sh\"\n";
			showEnvVarsInLog = 0;
		};
		FC9D5D3F99F28CC278BF4C0C /* [CP] Check Pods Manifest.lock */ = {
			isa = PBXShellScriptBuildPhase;
			buildActionMask = 2147483647;
			files = (
			);
			inputFileListPaths = (
			);
			inputPaths = (
				"${PODS_PODFILE_DIR_PATH}/Podfile.lock",
				"${PODS_ROOT}/Manifest.lock",
			);
			name = "[CP] Check Pods Manifest.lock";
			outputFileListPaths = (
			);
			outputPaths = (
				"$(DERIVED_FILE_DIR)/Pods-TeamBoostFire-checkManifestLockResult.txt",
			);
			runOnlyForDeploymentPostprocessing = 0;
			shellPath = /bin/sh;
			shellScript = "diff \"${PODS_PODFILE_DIR_PATH}/Podfile.lock\" \"${PODS_ROOT}/Manifest.lock\" > /dev/null\nif [ $? != 0 ] ; then\n    # print error to STDERR\n    echo \"error: The sandbox is not in sync with the Podfile.lock. Run 'pod install' or update your CocoaPods installation.\" >&2\n    exit 1\nfi\n# This output is used by Xcode 'outputs' to avoid re-running this script phase.\necho \"SUCCESS\" > \"${SCRIPT_OUTPUT_FILE_0}\"\n";
			showEnvVarsInLog = 0;
		};
/* End PBXShellScriptBuildPhase section */

/* Begin PBXSourcesBuildPhase section */
		EBFCA66822668D2E0047CD75 /* Sources */ = {
			isa = PBXSourcesBuildPhase;
			buildActionMask = 2147483647;
			files = (
				EBFCA67222668D2E0047CD75 /* ViewController.swift in Sources */,
				EBFCA67022668D2E0047CD75 /* AppDelegate.swift in Sources */,
				EB1D48AC22672650001A754D /* HostSetupMeetingViewController.swift in Sources */,
			);
			runOnlyForDeploymentPostprocessing = 0;
		};
/* End PBXSourcesBuildPhase section */

/* Begin PBXVariantGroup section */
		EBFCA67322668D2E0047CD75 /* Main.storyboard */ = {
			isa = PBXVariantGroup;
			children = (
				EBFCA67422668D2E0047CD75 /* Base */,
			);
			name = Main.storyboard;
			sourceTree = "<group>";
		};
		EBFCA67822668D2F0047CD75 /* LaunchScreen.storyboard */ = {
			isa = PBXVariantGroup;
			children = (
				EBFCA67922668D2F0047CD75 /* Base */,
			);
			name = LaunchScreen.storyboard;
			sourceTree = "<group>";
		};
/* End PBXVariantGroup section */

/* Begin XCBuildConfiguration section */
		EBFCA67C22668D2F0047CD75 /* Debug */ = {
			isa = XCBuildConfiguration;
			buildSettings = {
				ALWAYS_SEARCH_USER_PATHS = NO;
				CLANG_ANALYZER_NONNULL = YES;
				CLANG_ANALYZER_NUMBER_OBJECT_CONVERSION = YES_AGGRESSIVE;
				CLANG_CXX_LANGUAGE_STANDARD = "gnu++14";
				CLANG_CXX_LIBRARY = "libc++";
				CLANG_ENABLE_MODULES = YES;
				CLANG_ENABLE_OBJC_ARC = YES;
				CLANG_ENABLE_OBJC_WEAK = YES;
				CLANG_WARN_BLOCK_CAPTURE_AUTORELEASING = YES;
				CLANG_WARN_BOOL_CONVERSION = YES;
				CLANG_WARN_COMMA = YES;
				CLANG_WARN_CONSTANT_CONVERSION = YES;
				CLANG_WARN_DEPRECATED_OBJC_IMPLEMENTATIONS = YES;
				CLANG_WARN_DIRECT_OBJC_ISA_USAGE = YES_ERROR;
				CLANG_WARN_DOCUMENTATION_COMMENTS = YES;
				CLANG_WARN_EMPTY_BODY = YES;
				CLANG_WARN_ENUM_CONVERSION = YES;
				CLANG_WARN_INFINITE_RECURSION = YES;
				CLANG_WARN_INT_CONVERSION = YES;
				CLANG_WARN_NON_LITERAL_NULL_CONVERSION = YES;
				CLANG_WARN_OBJC_IMPLICIT_RETAIN_SELF = YES;
				CLANG_WARN_OBJC_LITERAL_CONVERSION = YES;
				CLANG_WARN_OBJC_ROOT_CLASS = YES_ERROR;
				CLANG_WARN_RANGE_LOOP_ANALYSIS = YES;
				CLANG_WARN_STRICT_PROTOTYPES = YES;
				CLANG_WARN_SUSPICIOUS_MOVE = YES;
				CLANG_WARN_UNGUARDED_AVAILABILITY = YES_AGGRESSIVE;
				CLANG_WARN_UNREACHABLE_CODE = YES;
				CLANG_WARN__DUPLICATE_METHOD_MATCH = YES;
				CODE_SIGN_IDENTITY = "iPhone Developer";
				COPY_PHASE_STRIP = NO;
				DEBUG_INFORMATION_FORMAT = dwarf;
				ENABLE_STRICT_OBJC_MSGSEND = YES;
				ENABLE_TESTABILITY = YES;
				GCC_C_LANGUAGE_STANDARD = gnu11;
				GCC_DYNAMIC_NO_PIC = NO;
				GCC_NO_COMMON_BLOCKS = YES;
				GCC_OPTIMIZATION_LEVEL = 0;
				GCC_PREPROCESSOR_DEFINITIONS = (
					"DEBUG=1",
					"$(inherited)",
				);
				GCC_WARN_64_TO_32_BIT_CONVERSION = YES;
				GCC_WARN_ABOUT_RETURN_TYPE = YES_ERROR;
				GCC_WARN_UNDECLARED_SELECTOR = YES;
				GCC_WARN_UNINITIALIZED_AUTOS = YES_AGGRESSIVE;
				GCC_WARN_UNUSED_FUNCTION = YES;
				GCC_WARN_UNUSED_VARIABLE = YES;
				IPHONEOS_DEPLOYMENT_TARGET = 12.2;
				MTL_ENABLE_DEBUG_INFO = INCLUDE_SOURCE;
				MTL_FAST_MATH = YES;
				ONLY_ACTIVE_ARCH = YES;
				SDKROOT = iphoneos;
				SWIFT_ACTIVE_COMPILATION_CONDITIONS = DEBUG;
				SWIFT_OPTIMIZATION_LEVEL = "-Onone";
			};
			name = Debug;
		};
		EBFCA67D22668D2F0047CD75 /* Release */ = {
			isa = XCBuildConfiguration;
			buildSettings = {
				ALWAYS_SEARCH_USER_PATHS = NO;
				CLANG_ANALYZER_NONNULL = YES;
				CLANG_ANALYZER_NUMBER_OBJECT_CONVERSION = YES_AGGRESSIVE;
				CLANG_CXX_LANGUAGE_STANDARD = "gnu++14";
				CLANG_CXX_LIBRARY = "libc++";
				CLANG_ENABLE_MODULES = YES;
				CLANG_ENABLE_OBJC_ARC = YES;
				CLANG_ENABLE_OBJC_WEAK = YES;
				CLANG_WARN_BLOCK_CAPTURE_AUTORELEASING = YES;
				CLANG_WARN_BOOL_CONVERSION = YES;
				CLANG_WARN_COMMA = YES;
				CLANG_WARN_CONSTANT_CONVERSION = YES;
				CLANG_WARN_DEPRECATED_OBJC_IMPLEMENTATIONS = YES;
				CLANG_WARN_DIRECT_OBJC_ISA_USAGE = YES_ERROR;
				CLANG_WARN_DOCUMENTATION_COMMENTS = YES;
				CLANG_WARN_EMPTY_BODY = YES;
				CLANG_WARN_ENUM_CONVERSION = YES;
				CLANG_WARN_INFINITE_RECURSION = YES;
				CLANG_WARN_INT_CONVERSION = YES;
				CLANG_WARN_NON_LITERAL_NULL_CONVERSION = YES;
				CLANG_WARN_OBJC_IMPLICIT_RETAIN_SELF = YES;
				CLANG_WARN_OBJC_LITERAL_CONVERSION = YES;
				CLANG_WARN_OBJC_ROOT_CLASS = YES_ERROR;
				CLANG_WARN_RANGE_LOOP_ANALYSIS = YES;
				CLANG_WARN_STRICT_PROTOTYPES = YES;
				CLANG_WARN_SUSPICIOUS_MOVE = YES;
				CLANG_WARN_UNGUARDED_AVAILABILITY = YES_AGGRESSIVE;
				CLANG_WARN_UNREACHABLE_CODE = YES;
				CLANG_WARN__DUPLICATE_METHOD_MATCH = YES;
				CODE_SIGN_IDENTITY = "iPhone Developer";
				COPY_PHASE_STRIP = NO;
				DEBUG_INFORMATION_FORMAT = "dwarf-with-dsym";
				ENABLE_NS_ASSERTIONS = NO;
				ENABLE_STRICT_OBJC_MSGSEND = YES;
				GCC_C_LANGUAGE_STANDARD = gnu11;
				GCC_NO_COMMON_BLOCKS = YES;
				GCC_WARN_64_TO_32_BIT_CONVERSION = YES;
				GCC_WARN_ABOUT_RETURN_TYPE = YES_ERROR;
				GCC_WARN_UNDECLARED_SELECTOR = YES;
				GCC_WARN_UNINITIALIZED_AUTOS = YES_AGGRESSIVE;
				GCC_WARN_UNUSED_FUNCTION = YES;
				GCC_WARN_UNUSED_VARIABLE = YES;
				IPHONEOS_DEPLOYMENT_TARGET = 12.2;
				MTL_ENABLE_DEBUG_INFO = NO;
				MTL_FAST_MATH = YES;
				SDKROOT = iphoneos;
				SWIFT_COMPILATION_MODE = wholemodule;
				SWIFT_OPTIMIZATION_LEVEL = "-O";
				VALIDATE_PRODUCT = YES;
			};
			name = Release;
		};
		EBFCA67F22668D2F0047CD75 /* Debug */ = {
			isa = XCBuildConfiguration;
			baseConfigurationReference = 60165D08B4F6B6041ED361E1 /* Pods-TeamBoostFire.debug.xcconfig */;
			buildSettings = {
				ASSETCATALOG_COMPILER_APPICON_NAME = AppIcon;
				CODE_SIGN_STYLE = Automatic;
				DEVELOPMENT_TEAM = 68QQNWZDTF;
				INFOPLIST_FILE = TeamBoostFire/Info.plist;
				LD_RUNPATH_SEARCH_PATHS = (
					"$(inherited)",
					"@executable_path/Frameworks",
				);
				PRODUCT_BUNDLE_IDENTIFIER = yaberwock.TeamBoostFireProto;
				PRODUCT_NAME = "$(TARGET_NAME)";
				SWIFT_VERSION = 5.0;
				TARGETED_DEVICE_FAMILY = "1,2";
			};
			name = Debug;
		};
		EBFCA68022668D2F0047CD75 /* Release */ = {
			isa = XCBuildConfiguration;
			baseConfigurationReference = 606177A8447B888DA624D051 /* Pods-TeamBoostFire.release.xcconfig */;
			buildSettings = {
				ASSETCATALOG_COMPILER_APPICON_NAME = AppIcon;
				CODE_SIGN_STYLE = Automatic;
				DEVELOPMENT_TEAM = 68QQNWZDTF;
				INFOPLIST_FILE = TeamBoostFire/Info.plist;
				LD_RUNPATH_SEARCH_PATHS = (
					"$(inherited)",
					"@executable_path/Frameworks",
				);
				PRODUCT_BUNDLE_IDENTIFIER = yaberwock.TeamBoostFireProto;
				PRODUCT_NAME = "$(TARGET_NAME)";
				SWIFT_VERSION = 5.0;
				TARGETED_DEVICE_FAMILY = "1,2";
			};
			name = Release;
		};
/* End XCBuildConfiguration section */

/* Begin XCConfigurationList section */
		EBFCA66722668D2E0047CD75 /* Build configuration list for PBXProject "TeamBoostFire" */ = {
			isa = XCConfigurationList;
			buildConfigurations = (
				EBFCA67C22668D2F0047CD75 /* Debug */,
				EBFCA67D22668D2F0047CD75 /* Release */,
			);
			defaultConfigurationIsVisible = 0;
			defaultConfigurationName = Release;
		};
		EBFCA67E22668D2F0047CD75 /* Build configuration list for PBXNativeTarget "TeamBoostFire" */ = {
			isa = XCConfigurationList;
			buildConfigurations = (
				EBFCA67F22668D2F0047CD75 /* Debug */,
				EBFCA68022668D2F0047CD75 /* Release */,
			);
			defaultConfigurationIsVisible = 0;
			defaultConfigurationName = Release;
		};
/* End XCConfigurationList section */
	};
	rootObject = EBFCA66422668D2E0047CD75 /* Project object */;
}
