<?xml version="1.0" encoding="UTF-8"?>
<Scheme
   version = "1.3">
   <BuildAction>
      <BuildActionEntries>
         <BuildActionEntry
            buildForRunning = "YES">
            <BuildableReference
               BuildableIdentifier = "primary"
               BlueprintIdentifier = "EBFCA66B22668D2E0047CD75"
               BuildableName = "TeamBoostFire.app"
               BlueprintName = "TeamBoostFire"
               ReferencedContainer = "container:TeamBoostFire.xcodeproj">
            </BuildableReference>
         </BuildActionEntry>
      </BuildActionEntries>
   </BuildAction>
   <LaunchAction
      useCustomWorkingDirectory = "NO"
      buildConfiguration = "Debug"
      allowLocationSimulation = "YES">
      <BuildableProductRunnable>
         <BuildableReference
            BuildableIdentifier = "primary"
            BlueprintIdentifier = "EBFCA66B22668D2E0047CD75"
            BuildableName = "TeamBoostFire.app"
            BlueprintName = "TeamBoostFire"
            ReferencedContainer = "container:TeamBoostFire.xcodeproj">
         </BuildableReference>
      </BuildableProductRunnable>
   </LaunchAction>
</Scheme>
